
Microsoft Visual Studio Solution File, Format Version 12.00
Project("{FAE04EC0-301F-11D3-BF4B-00C04F79EFBC}") = "Url-Shortener", "Url-Shortener\Url-Shortener.csproj", "{BD5E2F86-E20E-48E5-AD9E-BB1078ADB082}"
EndProject
Project("{2150E333-8FDC-42A3-9474-1A3956D46DE8}") = "Solution Items", "Solution Items", "{76E898EA-09BF-4CFC-9BE0-9F92F659AFE9}"
	ProjectSection(SolutionItems) = preProject
		docker-compose.yml = docker-compose.yml
		Dockerfile = Dockerfile
		.dockerignore = .dockerignore
	EndProjectSection
EndProject
Global
	GlobalSection(SolutionConfigurationPlatforms) = preSolution
		Debug|Any CPU = Debug|Any CPU
		Release|Any CPU = Release|Any CPU
	EndGlobalSection
	GlobalSection(ProjectConfigurationPlatforms) = postSolution
		{BD5E2F86-E20E-48E5-AD9E-BB1078ADB082}.Debug|Any CPU.ActiveCfg = Debug|Any CPU
		{BD5E2F86-E20E-48E5-AD9E-BB1078ADB082}.Debug|Any CPU.Build.0 = Debug|Any CPU
		{BD5E2F86-E20E-48E5-AD9E-BB1078ADB082}.Release|Any CPU.ActiveCfg = Release|Any CPU
		{BD5E2F86-E20E-48E5-AD9E-BB1078ADB082}.Release|Any CPU.Build.0 = Release|Any CPU
	EndGlobalSection
EndGlobal
